
Microsoft Visual Studio Solution File, Format Version 12.00
# Visual Studio Version 17
VisualStudioVersion = 17.5.002.0
MinimumVisualStudioVersion = 10.0.40219.1
Project("{2150E333-8FDC-42A3-9474-1A3956D46DE8}") = "IS-Projekty", "IS-Projekty", "{E09246C3-0848-494F-9B88-F8B677A49776}"
EndProject
Project("{9A19103F-16F7-4668-BE54-9A1E7A4F7556}") = "001-prvni-program-vypis-rady", "IS-Projekty\001-prvni-program-vypis-rady\001-prvni-program-vypis-rady.csproj", "{347B2513-6DF8-4F44-B212-E8B1182CBDA3}"
EndProject
Global
	GlobalSection(SolutionConfigurationPlatforms) = preSolution
		Debug|Any CPU = Debug|Any CPU
		Release|Any CPU = Release|Any CPU
	EndGlobalSection
	GlobalSection(ProjectConfigurationPlatforms) = postSolution
		{347B2513-6DF8-4F44-B212-E8B1182CBDA3}.Debug|Any CPU.ActiveCfg = Debug|Any CPU
		{347B2513-6DF8-4F44-B212-E8B1182CBDA3}.Debug|Any CPU.Build.0 = Debug|Any CPU
		{347B2513-6DF8-4F44-B212-E8B1182CBDA3}.Release|Any CPU.ActiveCfg = Release|Any CPU
		{347B2513-6DF8-4F44-B212-E8B1182CBDA3}.Release|Any CPU.Build.0 = Release|Any CPU
	EndGlobalSection
	GlobalSection(SolutionProperties) = preSolution
		HideSolutionNode = FALSE
	EndGlobalSection
	GlobalSection(NestedProjects) = preSolution
		{347B2513-6DF8-4F44-B212-E8B1182CBDA3} = {E09246C3-0848-494F-9B88-F8B677A49776}
	EndGlobalSection
	GlobalSection(ExtensibilityGlobals) = postSolution
		SolutionGuid = {E88FA090-CC02-4530-8780-39B31391F82D}
	EndGlobalSection
EndGlobal
