
Microsoft Visual Studio Solution File, Format Version 12.00
# Visual Studio Version 17
VisualStudioVersion = 17.5.002.0
MinimumVisualStudioVersion = 10.0.40219.1
Project("{9A19103F-16F7-4668-BE54-9A1E7A4F7556}") = "program003c-obrazec1-ukol", "program003c-obrazec1-ukol.csproj", "{00DA1BEA-3D39-4B8B-9FCB-90CF796C1D1A}"
EndProject
Global
	GlobalSection(SolutionConfigurationPlatforms) = preSolution
		Debug|Any CPU = Debug|Any CPU
		Release|Any CPU = Release|Any CPU
	EndGlobalSection
	GlobalSection(ProjectConfigurationPlatforms) = postSolution
		{00DA1BEA-3D39-4B8B-9FCB-90CF796C1D1A}.Debug|Any CPU.ActiveCfg = Debug|Any CPU
		{00DA1BEA-3D39-4B8B-9FCB-90CF796C1D1A}.Debug|Any CPU.Build.0 = Debug|Any CPU
		{00DA1BEA-3D39-4B8B-9FCB-90CF796C1D1A}.Release|Any CPU.ActiveCfg = Release|Any CPU
		{00DA1BEA-3D39-4B8B-9FCB-90CF796C1D1A}.Release|Any CPU.Build.0 = Release|Any CPU
	EndGlobalSection
	GlobalSection(SolutionProperties) = preSolution
		HideSolutionNode = FALSE
	EndGlobalSection
	GlobalSection(ExtensibilityGlobals) = postSolution
		SolutionGuid = {644C2B18-720B-4103-A6B8-4188B2D7FF30}
	EndGlobalSection
EndGlobal
