
Microsoft Visual Studio Solution File, Format Version 12.00
# Visual Studio Version 17
VisualStudioVersion = 17.5.002.0
MinimumVisualStudioVersion = 10.0.40219.1
Project("{9A19103F-16F7-4668-BE54-9A1E7A4F7556}") = "program006-analyza-textu", "program006-analyza-textu.csproj", "{A5BC95B8-9AD0-4A96-80EB-1BD5A39E3925}"
EndProject
Global
	GlobalSection(SolutionConfigurationPlatforms) = preSolution
		Debug|Any CPU = Debug|Any CPU
		Release|Any CPU = Release|Any CPU
	EndGlobalSection
	GlobalSection(ProjectConfigurationPlatforms) = postSolution
		{A5BC95B8-9AD0-4A96-80EB-1BD5A39E3925}.Debug|Any CPU.ActiveCfg = Debug|Any CPU
		{A5BC95B8-9AD0-4A96-80EB-1BD5A39E3925}.Debug|Any CPU.Build.0 = Debug|Any CPU
		{A5BC95B8-9AD0-4A96-80EB-1BD5A39E3925}.Release|Any CPU.ActiveCfg = Release|Any CPU
		{A5BC95B8-9AD0-4A96-80EB-1BD5A39E3925}.Release|Any CPU.Build.0 = Release|Any CPU
	EndGlobalSection
	GlobalSection(SolutionProperties) = preSolution
		HideSolutionNode = FALSE
	EndGlobalSection
	GlobalSection(ExtensibilityGlobals) = postSolution
		SolutionGuid = {833A1054-A77A-4931-A8AC-DB1B104BDFA1}
	EndGlobalSection
EndGlobal
