
Microsoft Visual Studio Solution File, Format Version 12.00
# Visual Studio Version 17
VisualStudioVersion = 17.5.002.0
MinimumVisualStudioVersion = 10.0.40219.1
Project("{9A19103F-16F7-4668-BE54-9A1E7A4F7556}") = "001-prvni-program-vypis-rady", "001-prvni-program-vypis-rady.csproj", "{DF255366-DF31-4BF4-9963-B23DDC5C80FE}"
EndProject
Global
	GlobalSection(SolutionConfigurationPlatforms) = preSolution
		Debug|Any CPU = Debug|Any CPU
		Release|Any CPU = Release|Any CPU
	EndGlobalSection
	GlobalSection(ProjectConfigurationPlatforms) = postSolution
		{DF255366-DF31-4BF4-9963-B23DDC5C80FE}.Debug|Any CPU.ActiveCfg = Debug|Any CPU
		{DF255366-DF31-4BF4-9963-B23DDC5C80FE}.Debug|Any CPU.Build.0 = Debug|Any CPU
		{DF255366-DF31-4BF4-9963-B23DDC5C80FE}.Release|Any CPU.ActiveCfg = Release|Any CPU
		{DF255366-DF31-4BF4-9963-B23DDC5C80FE}.Release|Any CPU.Build.0 = Release|Any CPU
	EndGlobalSection
	GlobalSection(SolutionProperties) = preSolution
		HideSolutionNode = FALSE
	EndGlobalSection
	GlobalSection(ExtensibilityGlobals) = postSolution
		SolutionGuid = {C8C32E67-0B28-40AD-A0F2-9B48AA5C941B}
	EndGlobalSection
EndGlobal
